
Microsoft Visual Studio Solution File, Format Version 12.00
# Visual Studio Version 17
VisualStudioVersion = 17.14.36705.20
MinimumVisualStudioVersion = 10.0.40219.1
Project("{FAE04EC0-301F-11D3-BF4B-00C04F79EFBC}") = "ShAbedi.Order", "ShAbedi.Order.csproj", "{2772E169-609B-4349-9D1B-3F90CC8C21A7}"
EndProject
Project("{FAE04EC0-301F-11D3-BF4B-00C04F79EFBC}") = "OrderJobs", "..\OrderJobs\OrderJobs.csproj", "{8B21EB03-8DB1-427D-A8F2-8733E02A923E}"
EndProject
Project("{FAE04EC0-301F-11D3-BF4B-00C04F79EFBC}") = "PharmacyOrder", "..\PharmacyOrder\PharmacyOrder.csproj", "{4C71655A-00B0-4C43-8FD3-144D3D3DE114}"
EndProject
Global
	GlobalSection(SolutionConfigurationPlatforms) = preSolution
		Debug|Any CPU = Debug|Any CPU
		Release|Any CPU = Release|Any CPU
	EndGlobalSection
	GlobalSection(ProjectConfigurationPlatforms) = postSolution
		{2772E169-609B-4349-9D1B-3F90CC8C21A7}.Debug|Any CPU.ActiveCfg = Debug|Any CPU
		{2772E169-609B-4349-9D1B-3F90CC8C21A7}.Debug|Any CPU.Build.0 = Debug|Any CPU
		{2772E169-609B-4349-9D1B-3F90CC8C21A7}.Release|Any CPU.ActiveCfg = Release|Any CPU
		{2772E169-609B-4349-9D1B-3F90CC8C21A7}.Release|Any CPU.Build.0 = Release|Any CPU
		{8B21EB03-8DB1-427D-A8F2-8733E02A923E}.Debug|Any CPU.ActiveCfg = Debug|Any CPU
		{8B21EB03-8DB1-427D-A8F2-8733E02A923E}.Debug|Any CPU.Build.0 = Debug|Any CPU
		{8B21EB03-8DB1-427D-A8F2-8733E02A923E}.Release|Any CPU.ActiveCfg = Release|Any CPU
		{8B21EB03-8DB1-427D-A8F2-8733E02A923E}.Release|Any CPU.Build.0 = Release|Any CPU
		{4C71655A-00B0-4C43-8FD3-144D3D3DE114}.Debug|Any CPU.ActiveCfg = Debug|Any CPU
		{4C71655A-00B0-4C43-8FD3-144D3D3DE114}.Debug|Any CPU.Build.0 = Debug|Any CPU
		{4C71655A-00B0-4C43-8FD3-144D3D3DE114}.Release|Any CPU.ActiveCfg = Release|Any CPU
		{4C71655A-00B0-4C43-8FD3-144D3D3DE114}.Release|Any CPU.Build.0 = Release|Any CPU
	EndGlobalSection
	GlobalSection(SolutionProperties) = preSolution
		HideSolutionNode = FALSE
	EndGlobalSection
	GlobalSection(ExtensibilityGlobals) = postSolution
		SolutionGuid = {B7AE99D7-53F0-4472-9D99-F645F393C062}
	EndGlobalSection
EndGlobal
